{
  "name": "cozy-talk",
  "version": "1.0.0",
  "lockfileVersion": 2,
  "requires": true,
  "packages": {
    "": {
      "name": "cozy-talk",
      "version": "1.0.0",
      "license": "ISC",
      "devDependencies": {
        "husky": "^7.0.4"
      }
    },
    "node_modules/husky": {
      "version": "7.0.4",
      "resolved": "https://corporater.jfrog.io/corporater/api/npm/npm/husky/-/husky-7.0.4.tgz",
      "integrity": "sha1-JCBIJF3EnI+xvwzHz7mN1yJTFTU=",
      "dev": true,
      "license": "MIT",
      "bin": {
        "husky": "lib/bin.js"
      },
      "engines": {
        "node": ">=12"
      },
      "funding": {
        "url": "https://github.com/sponsors/typicode"
      }
    }
  },
  "dependencies": {
    "husky": {
      "version": "7.0.4",
      "resolved": "https://corporater.jfrog.io/corporater/api/npm/npm/husky/-/husky-7.0.4.tgz",
      "integrity": "sha1-JCBIJF3EnI+xvwzHz7mN1yJTFTU=",
      "dev": true
    }
  }
}
